
Microsoft Visual Studio Solution File, Format Version 12.00
# Visual Studio 15
VisualStudioVersion = 15.0.26430.12
MinimumVisualStudioVersion = 10.0.40219.1
Project("{FAE04EC0-301F-11D3-BF4B-00C04F79EFBC}") = "RocksDbSharpTest", "tests\RocksDbSharpTest\RocksDbSharpTest.csproj", "{044901FD-A7BA-48A9-A5BE-8CB40A13CE02}"
EndProject
Project("{FAE04EC0-301F-11D3-BF4B-00C04F79EFBC}") = "RocksDbSharp", "RocksDbSharp\RocksDbSharp.csproj", "{53056B3C-FAC0-41ED-9C5B-8BA41DF85F61}"
EndProject
Global
	GlobalSection(SolutionConfigurationPlatforms) = preSolution
		Debug|Any CPU = Debug|Any CPU
		Release|Any CPU = Release|Any CPU
	EndGlobalSection
	GlobalSection(ProjectConfigurationPlatforms) = postSolution
		{044901FD-A7BA-48A9-A5BE-8CB40A13CE02}.Debug|Any CPU.ActiveCfg = Debug|Any CPU
		{044901FD-A7BA-48A9-A5BE-8CB40A13CE02}.Debug|Any CPU.Build.0 = Debug|Any CPU
		{044901FD-A7BA-48A9-A5BE-8CB40A13CE02}.Release|Any CPU.ActiveCfg = Release|Any CPU
		{044901FD-A7BA-48A9-A5BE-8CB40A13CE02}.Release|Any CPU.Build.0 = Release|Any CPU
		{53056B3C-FAC0-41ED-9C5B-8BA41DF85F61}.Debug|Any CPU.ActiveCfg = Debug|Any CPU
		{53056B3C-FAC0-41ED-9C5B-8BA41DF85F61}.Debug|Any CPU.Build.0 = Debug|Any CPU
		{53056B3C-FAC0-41ED-9C5B-8BA41DF85F61}.Release|Any CPU.ActiveCfg = Release|Any CPU
		{53056B3C-FAC0-41ED-9C5B-8BA41DF85F61}.Release|Any CPU.Build.0 = Release|Any CPU
	EndGlobalSection
	GlobalSection(SolutionProperties) = preSolution
		HideSolutionNode = FALSE
	EndGlobalSection
EndGlobal
